
Microsoft Visual Studio Solution File, Format Version 12.00
# Visual Studio Version 16
VisualStudioVersion = 16.0.30517.126
MinimumVisualStudioVersion = 10.0.40219.1
Project("{FAE04EC0-301F-11D3-BF4B-00C04F79EFBC}") = "SoundPlayer", "SoundPlayer.csproj", "{16E5B5C2-C8EB-451B-8AE8-05A14FC4AD0E}"
EndProject
Global
	GlobalSection(SolutionConfigurationPlatforms) = preSolution
		Debug|Any CPU = Debug|Any CPU
		Release|Any CPU = Release|Any CPU
	EndGlobalSection
	GlobalSection(ProjectConfigurationPlatforms) = postSolution
		{16E5B5C2-C8EB-451B-8AE8-05A14FC4AD0E}.Debug|Any CPU.ActiveCfg = Debug|Any CPU
		{16E5B5C2-C8EB-451B-8AE8-05A14FC4AD0E}.Debug|Any CPU.Build.0 = Debug|Any CPU
		{16E5B5C2-C8EB-451B-8AE8-05A14FC4AD0E}.Release|Any CPU.ActiveCfg = Release|Any CPU
		{16E5B5C2-C8EB-451B-8AE8-05A14FC4AD0E}.Release|Any CPU.Build.0 = Release|Any CPU
	EndGlobalSection
	GlobalSection(SolutionProperties) = preSolution
		HideSolutionNode = FALSE
	EndGlobalSection
	GlobalSection(ExtensibilityGlobals) = postSolution
		SolutionGuid = {CAD9DBA4-63F4-4C09-80FF-A2D1BA39ACDD}
	EndGlobalSection
EndGlobal
